
Microsoft Visual Studio Solution File, Format Version 12.00
# Visual Studio Version 17
VisualStudioVersion = 17.1.32228.430
MinimumVisualStudioVersion = 10.0.40219.1
Project("{9A19103F-16F7-4668-BE54-9A1E7A4F7556}") = "ChatServer", "Server\ChatServer\ChatServer.csproj", "{50F62E4F-1D7E-4895-9734-48703BD24839}"
EndProject
Project("{2150E333-8FDC-42A3-9474-1A3956D46DE8}") = "Server", "Server", "{358DCD48-AA82-4875-B953-A9E276E4D8BD}"
EndProject
Project("{9A19103F-16F7-4668-BE54-9A1E7A4F7556}") = "ApplicationServer", "Server\Application\ApplicationServer.csproj", "{7728D52D-66E0-4BDD-B842-B33CDD1832BB}"
EndProject
Project("{9A19103F-16F7-4668-BE54-9A1E7A4F7556}") = "InfrastructureServer", "Server\Infrastructure\InfrastructureServer.csproj", "{F7F0BE25-4027-4D3B-B3DE-66F55C2DBA62}"
EndProject
Project("{2150E333-8FDC-42A3-9474-1A3956D46DE8}") = "Client", "Client", "{99180BCF-579D-4F66-A04A-21620656CAEF}"
EndProject
Project("{9A19103F-16F7-4668-BE54-9A1E7A4F7556}") = "DomainServer", "Server\Domain\DomainServer.csproj", "{282EF737-A3A6-45FC-BA3D-CE20D671D075}"
EndProject
Project("{9A19103F-16F7-4668-BE54-9A1E7A4F7556}") = "ChatClient", "Client\ChatClient\ChatClient.csproj", "{A27670D6-FE9B-4C8E-B221-518AF91F464E}"
EndProject
Project("{FAE04EC0-301F-11D3-BF4B-00C04F79EFBC}") = "ApplicationClient", "Client\Application\ApplicationClient.csproj", "{D2B15EE1-4EE1-4983-BE2E-04BBC9643B0F}"
EndProject
Project("{FAE04EC0-301F-11D3-BF4B-00C04F79EFBC}") = "DomainClient", "Client\Domain\DomainClient.csproj", "{DDF2745C-3730-40B7-B962-5F6387BFFCBD}"
EndProject
Project("{FAE04EC0-301F-11D3-BF4B-00C04F79EFBC}") = "InfrastructureClient", "Client\Infrastructure\InfrastructureClient.csproj", "{5BAFD51F-33F6-408F-B334-F2795F8E63A1}"
EndProject
Project("{2150E333-8FDC-42A3-9474-1A3956D46DE8}") = "Share", "Share", "{0CCDEB60-1999-4ED8-BE6B-34E91A9A5C2B}"
EndProject
Project("{FAE04EC0-301F-11D3-BF4B-00C04F79EFBC}") = "ApplicationShare", "Share\Application\ApplicationShare.csproj", "{52B6D787-F9DD-462F-837D-95DFCE79CD4A}"
EndProject
Project("{FAE04EC0-301F-11D3-BF4B-00C04F79EFBC}") = "InfrastructureShare", "Share\Infrastructure\InfrastructureShare.csproj", "{45A19914-C323-4427-8FAF-0BBA22146E4D}"
EndProject
Global
	GlobalSection(SolutionConfigurationPlatforms) = preSolution
		Debug|Any CPU = Debug|Any CPU
		Release|Any CPU = Release|Any CPU
	EndGlobalSection
	GlobalSection(ProjectConfigurationPlatforms) = postSolution
		{50F62E4F-1D7E-4895-9734-48703BD24839}.Debug|Any CPU.ActiveCfg = Debug|Any CPU
		{50F62E4F-1D7E-4895-9734-48703BD24839}.Debug|Any CPU.Build.0 = Debug|Any CPU
		{50F62E4F-1D7E-4895-9734-48703BD24839}.Release|Any CPU.ActiveCfg = Release|Any CPU
		{50F62E4F-1D7E-4895-9734-48703BD24839}.Release|Any CPU.Build.0 = Release|Any CPU
		{7728D52D-66E0-4BDD-B842-B33CDD1832BB}.Debug|Any CPU.ActiveCfg = Debug|Any CPU
		{7728D52D-66E0-4BDD-B842-B33CDD1832BB}.Debug|Any CPU.Build.0 = Debug|Any CPU
		{7728D52D-66E0-4BDD-B842-B33CDD1832BB}.Release|Any CPU.ActiveCfg = Release|Any CPU
		{7728D52D-66E0-4BDD-B842-B33CDD1832BB}.Release|Any CPU.Build.0 = Release|Any CPU
		{F7F0BE25-4027-4D3B-B3DE-66F55C2DBA62}.Debug|Any CPU.ActiveCfg = Debug|Any CPU
		{F7F0BE25-4027-4D3B-B3DE-66F55C2DBA62}.Debug|Any CPU.Build.0 = Debug|Any CPU
		{F7F0BE25-4027-4D3B-B3DE-66F55C2DBA62}.Release|Any CPU.ActiveCfg = Release|Any CPU
		{F7F0BE25-4027-4D3B-B3DE-66F55C2DBA62}.Release|Any CPU.Build.0 = Release|Any CPU
		{282EF737-A3A6-45FC-BA3D-CE20D671D075}.Debug|Any CPU.ActiveCfg = Debug|Any CPU
		{282EF737-A3A6-45FC-BA3D-CE20D671D075}.Debug|Any CPU.Build.0 = Debug|Any CPU
		{282EF737-A3A6-45FC-BA3D-CE20D671D075}.Release|Any CPU.ActiveCfg = Release|Any CPU
		{282EF737-A3A6-45FC-BA3D-CE20D671D075}.Release|Any CPU.Build.0 = Release|Any CPU
		{A27670D6-FE9B-4C8E-B221-518AF91F464E}.Debug|Any CPU.ActiveCfg = Debug|Any CPU
		{A27670D6-FE9B-4C8E-B221-518AF91F464E}.Debug|Any CPU.Build.0 = Debug|Any CPU
		{A27670D6-FE9B-4C8E-B221-518AF91F464E}.Release|Any CPU.ActiveCfg = Release|Any CPU
		{A27670D6-FE9B-4C8E-B221-518AF91F464E}.Release|Any CPU.Build.0 = Release|Any CPU
		{D2B15EE1-4EE1-4983-BE2E-04BBC9643B0F}.Debug|Any CPU.ActiveCfg = Debug|Any CPU
		{D2B15EE1-4EE1-4983-BE2E-04BBC9643B0F}.Debug|Any CPU.Build.0 = Debug|Any CPU
		{D2B15EE1-4EE1-4983-BE2E-04BBC9643B0F}.Release|Any CPU.ActiveCfg = Release|Any CPU
		{D2B15EE1-4EE1-4983-BE2E-04BBC9643B0F}.Release|Any CPU.Build.0 = Release|Any CPU
		{DDF2745C-3730-40B7-B962-5F6387BFFCBD}.Debug|Any CPU.ActiveCfg = Debug|Any CPU
		{DDF2745C-3730-40B7-B962-5F6387BFFCBD}.Debug|Any CPU.Build.0 = Debug|Any CPU
		{DDF2745C-3730-40B7-B962-5F6387BFFCBD}.Release|Any CPU.ActiveCfg = Release|Any CPU
		{DDF2745C-3730-40B7-B962-5F6387BFFCBD}.Release|Any CPU.Build.0 = Release|Any CPU
		{5BAFD51F-33F6-408F-B334-F2795F8E63A1}.Debug|Any CPU.ActiveCfg = Debug|Any CPU
		{5BAFD51F-33F6-408F-B334-F2795F8E63A1}.Debug|Any CPU.Build.0 = Debug|Any CPU
		{5BAFD51F-33F6-408F-B334-F2795F8E63A1}.Release|Any CPU.ActiveCfg = Release|Any CPU
		{5BAFD51F-33F6-408F-B334-F2795F8E63A1}.Release|Any CPU.Build.0 = Release|Any CPU
		{52B6D787-F9DD-462F-837D-95DFCE79CD4A}.Debug|Any CPU.ActiveCfg = Debug|Any CPU
		{52B6D787-F9DD-462F-837D-95DFCE79CD4A}.Debug|Any CPU.Build.0 = Debug|Any CPU
		{52B6D787-F9DD-462F-837D-95DFCE79CD4A}.Release|Any CPU.ActiveCfg = Release|Any CPU
		{52B6D787-F9DD-462F-837D-95DFCE79CD4A}.Release|Any CPU.Build.0 = Release|Any CPU
		{45A19914-C323-4427-8FAF-0BBA22146E4D}.Debug|Any CPU.ActiveCfg = Debug|Any CPU
		{45A19914-C323-4427-8FAF-0BBA22146E4D}.Debug|Any CPU.Build.0 = Debug|Any CPU
		{45A19914-C323-4427-8FAF-0BBA22146E4D}.Release|Any CPU.ActiveCfg = Release|Any CPU
		{45A19914-C323-4427-8FAF-0BBA22146E4D}.Release|Any CPU.Build.0 = Release|Any CPU
	EndGlobalSection
	GlobalSection(SolutionProperties) = preSolution
		HideSolutionNode = FALSE
	EndGlobalSection
	GlobalSection(NestedProjects) = preSolution
		{50F62E4F-1D7E-4895-9734-48703BD24839} = {358DCD48-AA82-4875-B953-A9E276E4D8BD}
		{7728D52D-66E0-4BDD-B842-B33CDD1832BB} = {358DCD48-AA82-4875-B953-A9E276E4D8BD}
		{F7F0BE25-4027-4D3B-B3DE-66F55C2DBA62} = {358DCD48-AA82-4875-B953-A9E276E4D8BD}
		{282EF737-A3A6-45FC-BA3D-CE20D671D075} = {358DCD48-AA82-4875-B953-A9E276E4D8BD}
		{A27670D6-FE9B-4C8E-B221-518AF91F464E} = {99180BCF-579D-4F66-A04A-21620656CAEF}
		{D2B15EE1-4EE1-4983-BE2E-04BBC9643B0F} = {99180BCF-579D-4F66-A04A-21620656CAEF}
		{DDF2745C-3730-40B7-B962-5F6387BFFCBD} = {99180BCF-579D-4F66-A04A-21620656CAEF}
		{5BAFD51F-33F6-408F-B334-F2795F8E63A1} = {99180BCF-579D-4F66-A04A-21620656CAEF}
		{52B6D787-F9DD-462F-837D-95DFCE79CD4A} = {0CCDEB60-1999-4ED8-BE6B-34E91A9A5C2B}
		{45A19914-C323-4427-8FAF-0BBA22146E4D} = {0CCDEB60-1999-4ED8-BE6B-34E91A9A5C2B}
	EndGlobalSection
	GlobalSection(ExtensibilityGlobals) = postSolution
		SolutionGuid = {35CD5AC4-8E97-4BB5-A791-19652F25ED2B}
	EndGlobalSection
EndGlobal
